// !$*UTF8*$!
{
	archiveVersion = 1;
	classes = {
	};
	objectVersion = 55;
	objects = {

/* Begin PBXBuildFile section */
		8E0249FC28172CB1008CE5F1 /* UltiApp.swift in Sources */ = {isa = PBXBuildFile; fileRef = 8E0249FB28172CB1008CE5F1 /* UltiApp.swift */; };
		8E0249FE28172CB1008CE5F1 /* MainView.swift in Sources */ = {isa = PBXBuildFile; fileRef = 8E0249FD28172CB1008CE5F1 /* MainView.swift */; };
		8E024A0028172CB3008CE5F1 /* Assets.xcassets in Resources */ = {isa = PBXBuildFile; fileRef = 8E0249FF28172CB3008CE5F1 /* Assets.xcassets */; };
		8E024A0328172CB3008CE5F1 /* Preview Assets.xcassets in Resources */ = {isa = PBXBuildFile; fileRef = 8E024A0228172CB3008CE5F1 /* Preview Assets.xcassets */; };
		8E024A0B2817DA41008CE5F1 /* GamesView.swift in Sources */ = {isa = PBXBuildFile; fileRef = 8E024A0A2817DA41008CE5F1 /* GamesView.swift */; };
		8E024A0D2818514C008CE5F1 /* TeamView.swift in Sources */ = {isa = PBXBuildFile; fileRef = 8E024A0C2818514C008CE5F1 /* TeamView.swift */; };
		8E024A0F28185333008CE5F1 /* StatsView.swift in Sources */ = {isa = PBXBuildFile; fileRef = 8E024A0E28185333008CE5F1 /* StatsView.swift */; };
		8E024A1128185342008CE5F1 /* WallView.swift in Sources */ = {isa = PBXBuildFile; fileRef = 8E024A1028185342008CE5F1 /* WallView.swift */; };
		8E134859281C050F00B39666 /* AddPlayerView.swift in Sources */ = {isa = PBXBuildFile; fileRef = 8E134858281C050F00B39666 /* AddPlayerView.swift */; };
		8E1B11382819BD5700365AB3 /* GamesViewTitle.swift in Sources */ = {isa = PBXBuildFile; fileRef = 8E1B11372819BD5700365AB3 /* GamesViewTitle.swift */; };
		8E1B113A2819BE6D00365AB3 /* GamesViewNextGame.swift in Sources */ = {isa = PBXBuildFile; fileRef = 8E1B11392819BE6D00365AB3 /* GamesViewNextGame.swift */; };
		8E840301281AF6EC00AEDDEE /* Games.xcdatamodeld in Sources */ = {isa = PBXBuildFile; fileRef = 8E8402FF281AF6EC00AEDDEE /* Games.xcdatamodeld */; };
		8E840303281AF79C00AEDDEE /* DataController.swift in Sources */ = {isa = PBXBuildFile; fileRef = 8E840302281AF79C00AEDDEE /* DataController.swift */; };
		8E840305281AFC5400AEDDEE /* AddGameView.swift in Sources */ = {isa = PBXBuildFile; fileRef = 8E840304281AFC5400AEDDEE /* AddGameView.swift */; };
		8E840307281B1B4300AEDDEE /* GamesViewLastGames.swift in Sources */ = {isa = PBXBuildFile; fileRef = 8E840306281B1B4300AEDDEE /* GamesViewLastGames.swift */; };
		8E840309281B230800AEDDEE /* GamesListView.swift in Sources */ = {isa = PBXBuildFile; fileRef = 8E840308281B230800AEDDEE /* GamesListView.swift */; };
		8ED7D983281E8F0D00C78411 /* UltiPackage in Frameworks */ = {isa = PBXBuildFile; productRef = 8ED7D982281E8F0D00C78411 /* UltiPackage */; };
		8EFF48E8281DA9B7007B79A1 /* ScoresGameView.swift in Sources */ = {isa = PBXBuildFile; fileRef = 8EFF48E7281DA9B7007B79A1 /* ScoresGameView.swift */; };
		8EFF48EB281DC2D6007B79A1 /* StatsViewTimer.swift in Sources */ = {isa = PBXBuildFile; fileRef = 8EFF48EA281DC2D6007B79A1 /* StatsViewTimer.swift */; };
/* End PBXBuildFile section */

/* Begin PBXFileReference section */
		8E0249F828172CB0008CE5F1 /* Ulti.app */ = {isa = PBXFileReference; explicitFileType = wrapper.application; includeInIndex = 0; path = Ulti.app; sourceTree = BUILT_PRODUCTS_DIR; };
		8E0249FB28172CB1008CE5F1 /* UltiApp.swift */ = {isa = PBXFileReference; lastKnownFileType = sourcecode.swift; path = UltiApp.swift; sourceTree = "<group>"; };
		8E0249FD28172CB1008CE5F1 /* MainView.swift */ = {isa = PBXFileReference; lastKnownFileType = sourcecode.swift; path = MainView.swift; sourceTree = "<group>"; };
		8E0249FF28172CB3008CE5F1 /* Assets.xcassets */ = {isa = PBXFileReference; lastKnownFileType = folder.assetcatalog; path = Assets.xcassets; sourceTree = "<group>"; };
		8E024A0228172CB3008CE5F1 /* Preview Assets.xcassets */ = {isa = PBXFileReference; lastKnownFileType = folder.assetcatalog; path = "Preview Assets.xcassets"; sourceTree = "<group>"; };
		8E024A0A2817DA41008CE5F1 /* GamesView.swift */ = {isa = PBXFileReference; lastKnownFileType = sourcecode.swift; path = GamesView.swift; sourceTree = "<group>"; };
		8E024A0C2818514C008CE5F1 /* TeamView.swift */ = {isa = PBXFileReference; lastKnownFileType = sourcecode.swift; path = TeamView.swift; sourceTree = "<group>"; };
		8E024A0E28185333008CE5F1 /* StatsView.swift */ = {isa = PBXFileReference; lastKnownFileType = sourcecode.swift; path = StatsView.swift; sourceTree = "<group>"; };
		8E024A1028185342008CE5F1 /* WallView.swift */ = {isa = PBXFileReference; lastKnownFileType = sourcecode.swift; path = WallView.swift; sourceTree = "<group>"; };
		8E134858281C050F00B39666 /* AddPlayerView.swift */ = {isa = PBXFileReference; lastKnownFileType = sourcecode.swift; path = AddPlayerView.swift; sourceTree = "<group>"; };
		8E1B11372819BD5700365AB3 /* GamesViewTitle.swift */ = {isa = PBXFileReference; lastKnownFileType = sourcecode.swift; path = GamesViewTitle.swift; sourceTree = "<group>"; };
		8E1B11392819BE6D00365AB3 /* GamesViewNextGame.swift */ = {isa = PBXFileReference; lastKnownFileType = sourcecode.swift; path = GamesViewNextGame.swift; sourceTree = "<group>"; };
		8E840300281AF6EC00AEDDEE /* Games.xcdatamodel */ = {isa = PBXFileReference; lastKnownFileType = wrapper.xcdatamodel; path = Games.xcdatamodel; sourceTree = "<group>"; };
		8E840302281AF79C00AEDDEE /* DataController.swift */ = {isa = PBXFileReference; lastKnownFileType = sourcecode.swift; path = DataController.swift; sourceTree = "<group>"; };
		8E840304281AFC5400AEDDEE /* AddGameView.swift */ = {isa = PBXFileReference; lastKnownFileType = sourcecode.swift; path = AddGameView.swift; sourceTree = "<group>"; };
		8E840306281B1B4300AEDDEE /* GamesViewLastGames.swift */ = {isa = PBXFileReference; lastKnownFileType = sourcecode.swift; path = GamesViewLastGames.swift; sourceTree = "<group>"; };
		8E840308281B230800AEDDEE /* GamesListView.swift */ = {isa = PBXFileReference; lastKnownFileType = sourcecode.swift; path = GamesListView.swift; sourceTree = "<group>"; };
		8EFF48E7281DA9B7007B79A1 /* ScoresGameView.swift */ = {isa = PBXFileReference; lastKnownFileType = sourcecode.swift; path = ScoresGameView.swift; sourceTree = "<group>"; };
		8EFF48EA281DC2D6007B79A1 /* StatsViewTimer.swift */ = {isa = PBXFileReference; lastKnownFileType = sourcecode.swift; path = StatsViewTimer.swift; sourceTree = "<group>"; };
/* End PBXFileReference section */

/* Begin PBXFrameworksBuildPhase section */
		8E0249F528172CB0008CE5F1 /* Frameworks */ = {
			isa = PBXFrameworksBuildPhase;
			buildActionMask = 2147483647;
			files = (
				8ED7D983281E8F0D00C78411 /* UltiPackage in Frameworks */,
			);
			runOnlyForDeploymentPostprocessing = 0;
		};
/* End PBXFrameworksBuildPhase section */

/* Begin PBXGroup section */
		8E0249EF28172CB0008CE5F1 = {
			isa = PBXGroup;
			children = (
				8E0249FA28172CB0008CE5F1 /* Ulti */,
				8E0249F928172CB0008CE5F1 /* Products */,
			);
			sourceTree = "<group>";
		};
		8E0249F928172CB0008CE5F1 /* Products */ = {
			isa = PBXGroup;
			children = (
				8E0249F828172CB0008CE5F1 /* Ulti.app */,
			);
			name = Products;
			sourceTree = "<group>";
		};
		8E0249FA28172CB0008CE5F1 /* Ulti */ = {
			isa = PBXGroup;
			children = (
				8E0249FB28172CB1008CE5F1 /* UltiApp.swift */,
				8E840302281AF79C00AEDDEE /* DataController.swift */,
				8E8402FF281AF6EC00AEDDEE /* Games.xcdatamodeld */,
				8E024A092817DA24008CE5F1 /* Views */,
				8E0249FF28172CB3008CE5F1 /* Assets.xcassets */,
				8E024A0128172CB3008CE5F1 /* Preview Content */,
			);
			path = Ulti;
			sourceTree = "<group>";
		};
		8E024A0128172CB3008CE5F1 /* Preview Content */ = {
			isa = PBXGroup;
			children = (
				8E024A0228172CB3008CE5F1 /* Preview Assets.xcassets */,
			);
			path = "Preview Content";
			sourceTree = "<group>";
		};
		8E024A092817DA24008CE5F1 /* Views */ = {
			isa = PBXGroup;
			children = (
				8E0249FD28172CB1008CE5F1 /* MainView.swift */,
				8E134853281C00E700B39666 /* GamesView */,
				8E134855281C016800B39666 /* TeamView */,
				8EFF48E5281DA98A007B79A1 /* StatsView */,
				8E024A1028185342008CE5F1 /* WallView.swift */,
			);
			path = Views;
			sourceTree = "<group>";
		};
		8E134853281C00E700B39666 /* GamesView */ = {
			isa = PBXGroup;
			children = (
				8E024A0A2817DA41008CE5F1 /* GamesView.swift */,
				8E1B11342819BD0700365AB3 /* GamesViewWidgets */,
				8E134854281C00F700B39666 /* SubViews */,
			);
			path = GamesView;
			sourceTree = "<group>";
		};
		8E134854281C00F700B39666 /* SubViews */ = {
			isa = PBXGroup;
			children = (
				8E840308281B230800AEDDEE /* GamesListView.swift */,
				8E840304281AFC5400AEDDEE /* AddGameView.swift */,
			);
			path = SubViews;
			sourceTree = "<group>";
		};
		8E134855281C016800B39666 /* TeamView */ = {
			isa = PBXGroup;
			children = (
				8E024A0C2818514C008CE5F1 /* TeamView.swift */,
				8E134857281C01A000B39666 /* TeamViewWidgets */,
				8E134856281C018F00B39666 /* SubViews */,
			);
			path = TeamView;
			sourceTree = "<group>";
		};
		8E134856281C018F00B39666 /* SubViews */ = {
			isa = PBXGroup;
			children = (
				8E134858281C050F00B39666 /* AddPlayerView.swift */,
			);
			path = SubViews;
			sourceTree = "<group>";
		};
		8E134857281C01A000B39666 /* TeamViewWidgets */ = {
			isa = PBXGroup;
			children = (
			);
			path = TeamViewWidgets;
			sourceTree = "<group>";
		};
		8E1B11342819BD0700365AB3 /* GamesViewWidgets */ = {
			isa = PBXGroup;
			children = (
				8E1B11372819BD5700365AB3 /* GamesViewTitle.swift */,
				8E1B11392819BE6D00365AB3 /* GamesViewNextGame.swift */,
				8E840306281B1B4300AEDDEE /* GamesViewLastGames.swift */,
			);
			path = GamesViewWidgets;
			sourceTree = "<group>";
		};
		8EFF48E5281DA98A007B79A1 /* StatsView */ = {
			isa = PBXGroup;
			children = (
				8E024A0E28185333008CE5F1 /* StatsView.swift */,
				8EFF48E9281DC295007B79A1 /* StatsViewWidgets */,
				8EFF48E6281DA999007B79A1 /* SubViews */,
			);
			path = StatsView;
			sourceTree = "<group>";
		};
		8EFF48E6281DA999007B79A1 /* SubViews */ = {
			isa = PBXGroup;
			children = (
				8EFF48E7281DA9B7007B79A1 /* ScoresGameView.swift */,
			);
			path = SubViews;
			sourceTree = "<group>";
		};
		8EFF48E9281DC295007B79A1 /* StatsViewWidgets */ = {
			isa = PBXGroup;
			children = (
				8EFF48EA281DC2D6007B79A1 /* StatsViewTimer.swift */,
			);
			path = StatsViewWidgets;
			sourceTree = "<group>";
		};
/* End PBXGroup section */

/* Begin PBXNativeTarget section */
		8E0249F728172CB0008CE5F1 /* Ulti */ = {
			isa = PBXNativeTarget;
			buildConfigurationList = 8E024A0628172CB3008CE5F1 /* Build configuration list for PBXNativeTarget "Ulti" */;
			buildPhases = (
				8E0249F428172CB0008CE5F1 /* Sources */,
				8E0249F528172CB0008CE5F1 /* Frameworks */,
				8E0249F628172CB0008CE5F1 /* Resources */,
			);
			buildRules = (
			);
			dependencies = (
			);
			name = Ulti;
			packageProductDependencies = (
				8ED7D982281E8F0D00C78411 /* UltiPackage */,
			);
			productName = Ulti;
			productReference = 8E0249F828172CB0008CE5F1 /* Ulti.app */;
			productType = "com.apple.product-type.application";
		};
/* End PBXNativeTarget section */

/* Begin PBXProject section */
		8E0249F028172CB0008CE5F1 /* Project object */ = {
			isa = PBXProject;
			attributes = {
				BuildIndependentTargetsInParallel = 1;
				LastSwiftUpdateCheck = 1320;
				LastUpgradeCheck = 1320;
				TargetAttributes = {
					8E0249F728172CB0008CE5F1 = {
						CreatedOnToolsVersion = 13.2.1;
					};
				};
			};
			buildConfigurationList = 8E0249F328172CB0008CE5F1 /* Build configuration list for PBXProject "Ulti" */;
			compatibilityVersion = "Xcode 13.0";
			developmentRegion = en;
			hasScannedForEncodings = 0;
			knownRegions = (
				en,
				Base,
			);
			mainGroup = 8E0249EF28172CB0008CE5F1;
			packageReferences = (
				8ED7D981281E8F0D00C78411 /* XCRemoteSwiftPackageReference "UltiPackage" */,
			);
			productRefGroup = 8E0249F928172CB0008CE5F1 /* Products */;
			projectDirPath = "";
			projectRoot = "";
			targets = (
				8E0249F728172CB0008CE5F1 /* Ulti */,
			);
		};
/* End PBXProject section */

/* Begin PBXResourcesBuildPhase section */
		8E0249F628172CB0008CE5F1 /* Resources */ = {
			isa = PBXResourcesBuildPhase;
			buildActionMask = 2147483647;
			files = (
				8E024A0328172CB3008CE5F1 /* Preview Assets.xcassets in Resources */,
				8E024A0028172CB3008CE5F1 /* Assets.xcassets in Resources */,
			);
			runOnlyForDeploymentPostprocessing = 0;
		};
/* End PBXResourcesBuildPhase section */

/* Begin PBXSourcesBuildPhase section */
		8E0249F428172CB0008CE5F1 /* Sources */ = {
			isa = PBXSourcesBuildPhase;
			buildActionMask = 2147483647;
			files = (
				8EFF48E8281DA9B7007B79A1 /* ScoresGameView.swift in Sources */,
				8E024A1128185342008CE5F1 /* WallView.swift in Sources */,
				8E134859281C050F00B39666 /* AddPlayerView.swift in Sources */,
				8E1B11382819BD5700365AB3 /* GamesViewTitle.swift in Sources */,
				8E024A0B2817DA41008CE5F1 /* GamesView.swift in Sources */,
				8E1B113A2819BE6D00365AB3 /* GamesViewNextGame.swift in Sources */,
				8E840307281B1B4300AEDDEE /* GamesViewLastGames.swift in Sources */,
				8E840305281AFC5400AEDDEE /* AddGameView.swift in Sources */,
				8E840301281AF6EC00AEDDEE /* Games.xcdatamodeld in Sources */,
				8E840303281AF79C00AEDDEE /* DataController.swift in Sources */,
				8EFF48EB281DC2D6007B79A1 /* StatsViewTimer.swift in Sources */,
				8E024A0F28185333008CE5F1 /* StatsView.swift in Sources */,
				8E0249FE28172CB1008CE5F1 /* MainView.swift in Sources */,
				8E0249FC28172CB1008CE5F1 /* UltiApp.swift in Sources */,
				8E840309281B230800AEDDEE /* GamesListView.swift in Sources */,
				8E024A0D2818514C008CE5F1 /* TeamView.swift in Sources */,
			);
			runOnlyForDeploymentPostprocessing = 0;
		};
/* End PBXSourcesBuildPhase section */

/* Begin XCBuildConfiguration section */
		8E024A0428172CB3008CE5F1 /* Debug */ = {
			isa = XCBuildConfiguration;
			buildSettings = {
				ALWAYS_SEARCH_USER_PATHS = NO;
				CLANG_ANALYZER_NONNULL = YES;
				CLANG_ANALYZER_NUMBER_OBJECT_CONVERSION = YES_AGGRESSIVE;
				CLANG_CXX_LANGUAGE_STANDARD = "gnu++17";
				CLANG_CXX_LIBRARY = "libc++";
				CLANG_ENABLE_MODULES = YES;
				CLANG_ENABLE_OBJC_ARC = YES;
				CLANG_ENABLE_OBJC_WEAK = YES;
				CLANG_WARN_BLOCK_CAPTURE_AUTORELEASING = YES;
				CLANG_WARN_BOOL_CONVERSION = YES;
				CLANG_WARN_COMMA = YES;
				CLANG_WARN_CONSTANT_CONVERSION = YES;
				CLANG_WARN_DEPRECATED_OBJC_IMPLEMENTATIONS = YES;
				CLANG_WARN_DIRECT_OBJC_ISA_USAGE = YES_ERROR;
				CLANG_WARN_DOCUMENTATION_COMMENTS = YES;
				CLANG_WARN_EMPTY_BODY = YES;
				CLANG_WARN_ENUM_CONVERSION = YES;
				CLANG_WARN_INFINITE_RECURSION = YES;
				CLANG_WARN_INT_CONVERSION = YES;
				CLANG_WARN_NON_LITERAL_NULL_CONVERSION = YES;
				CLANG_WARN_OBJC_IMPLICIT_RETAIN_SELF = YES;
				CLANG_WARN_OBJC_LITERAL_CONVERSION = YES;
				CLANG_WARN_OBJC_ROOT_CLASS = YES_ERROR;
				CLANG_WARN_QUOTED_INCLUDE_IN_FRAMEWORK_HEADER = YES;
				CLANG_WARN_RANGE_LOOP_ANALYSIS = YES;
				CLANG_WARN_STRICT_PROTOTYPES = YES;
				CLANG_WARN_SUSPICIOUS_MOVE = YES;
				CLANG_WARN_UNGUARDED_AVAILABILITY = YES_AGGRESSIVE;
				CLANG_WARN_UNREACHABLE_CODE = YES;
				CLANG_WARN__DUPLICATE_METHOD_MATCH = YES;
				COPY_PHASE_STRIP = NO;
				DEBUG_INFORMATION_FORMAT = dwarf;
				ENABLE_STRICT_OBJC_MSGSEND = YES;
				ENABLE_TESTABILITY = YES;
				GCC_C_LANGUAGE_STANDARD = gnu11;
				GCC_DYNAMIC_NO_PIC = NO;
				GCC_NO_COMMON_BLOCKS = YES;
				GCC_OPTIMIZATION_LEVEL = 0;
				GCC_PREPROCESSOR_DEFINITIONS = (
					"DEBUG=1",
					"$(inherited)",
				);
				GCC_WARN_64_TO_32_BIT_CONVERSION = YES;
				GCC_WARN_ABOUT_RETURN_TYPE = YES_ERROR;
				GCC_WARN_UNDECLARED_SELECTOR = YES;
				GCC_WARN_UNINITIALIZED_AUTOS = YES_AGGRESSIVE;
				GCC_WARN_UNUSED_FUNCTION = YES;
				GCC_WARN_UNUSED_VARIABLE = YES;
				IPHONEOS_DEPLOYMENT_TARGET = 15.2;
				MTL_ENABLE_DEBUG_INFO = INCLUDE_SOURCE;
				MTL_FAST_MATH = YES;
				ONLY_ACTIVE_ARCH = YES;
				SDKROOT = iphoneos;
				SWIFT_ACTIVE_COMPILATION_CONDITIONS = DEBUG;
				SWIFT_OPTIMIZATION_LEVEL = "-Onone";
			};
			name = Debug;
		};
		8E024A0528172CB3008CE5F1 /* Release */ = {
			isa = XCBuildConfiguration;
			buildSettings = {
				ALWAYS_SEARCH_USER_PATHS = NO;
				CLANG_ANALYZER_NONNULL = YES;
				CLANG_ANALYZER_NUMBER_OBJECT_CONVERSION = YES_AGGRESSIVE;
				CLANG_CXX_LANGUAGE_STANDARD = "gnu++17";
				CLANG_CXX_LIBRARY = "libc++";
				CLANG_ENABLE_MODULES = YES;
				CLANG_ENABLE_OBJC_ARC = YES;
				CLANG_ENABLE_OBJC_WEAK = YES;
				CLANG_WARN_BLOCK_CAPTURE_AUTORELEASING = YES;
				CLANG_WARN_BOOL_CONVERSION = YES;
				CLANG_WARN_COMMA = YES;
				CLANG_WARN_CONSTANT_CONVERSION = YES;
				CLANG_WARN_DEPRECATED_OBJC_IMPLEMENTATIONS = YES;
				CLANG_WARN_DIRECT_OBJC_ISA_USAGE = YES_ERROR;
				CLANG_WARN_DOCUMENTATION_COMMENTS = YES;
				CLANG_WARN_EMPTY_BODY = YES;
				CLANG_WARN_ENUM_CONVERSION = YES;
				CLANG_WARN_INFINITE_RECURSION = YES;
				CLANG_WARN_INT_CONVERSION = YES;
				CLANG_WARN_NON_LITERAL_NULL_CONVERSION = YES;
				CLANG_WARN_OBJC_IMPLICIT_RETAIN_SELF = YES;
				CLANG_WARN_OBJC_LITERAL_CONVERSION = YES;
				CLANG_WARN_OBJC_ROOT_CLASS = YES_ERROR;
				CLANG_WARN_QUOTED_INCLUDE_IN_FRAMEWORK_HEADER = YES;
				CLANG_WARN_RANGE_LOOP_ANALYSIS = YES;
				CLANG_WARN_STRICT_PROTOTYPES = YES;
				CLANG_WARN_SUSPICIOUS_MOVE = YES;
				CLANG_WARN_UNGUARDED_AVAILABILITY = YES_AGGRESSIVE;
				CLANG_WARN_UNREACHABLE_CODE = YES;
				CLANG_WARN__DUPLICATE_METHOD_MATCH = YES;
				COPY_PHASE_STRIP = NO;
				DEBUG_INFORMATION_FORMAT = "dwarf-with-dsym";
				ENABLE_NS_ASSERTIONS = NO;
				ENABLE_STRICT_OBJC_MSGSEND = YES;
				GCC_C_LANGUAGE_STANDARD = gnu11;
				GCC_NO_COMMON_BLOCKS = YES;
				GCC_WARN_64_TO_32_BIT_CONVERSION = YES;
				GCC_WARN_ABOUT_RETURN_TYPE = YES_ERROR;
				GCC_WARN_UNDECLARED_SELECTOR = YES;
				GCC_WARN_UNINITIALIZED_AUTOS = YES_AGGRESSIVE;
				GCC_WARN_UNUSED_FUNCTION = YES;
				GCC_WARN_UNUSED_VARIABLE = YES;
				IPHONEOS_DEPLOYMENT_TARGET = 15.2;
				MTL_ENABLE_DEBUG_INFO = NO;
				MTL_FAST_MATH = YES;
				SDKROOT = iphoneos;
				SWIFT_COMPILATION_MODE = wholemodule;
				SWIFT_OPTIMIZATION_LEVEL = "-O";
				VALIDATE_PRODUCT = YES;
			};
			name = Release;
		};
		8E024A0728172CB3008CE5F1 /* Debug */ = {
			isa = XCBuildConfiguration;
			buildSettings = {
				ASSETCATALOG_COMPILER_APPICON_NAME = AppIcon;
				ASSETCATALOG_COMPILER_GLOBAL_ACCENT_COLOR_NAME = AccentColor;
				CODE_SIGN_STYLE = Automatic;
				CURRENT_PROJECT_VERSION = 1;
				DEVELOPMENT_ASSET_PATHS = "\"Ulti/Preview Content\"";
				DEVELOPMENT_TEAM = G4FZDT3TKT;
				ENABLE_PREVIEWS = YES;
				GENERATE_INFOPLIST_FILE = YES;
				INFOPLIST_KEY_UIApplicationSceneManifest_Generation = YES;
				INFOPLIST_KEY_UIApplicationSupportsIndirectInputEvents = YES;
				INFOPLIST_KEY_UILaunchScreen_Generation = YES;
				INFOPLIST_KEY_UISupportedInterfaceOrientations_iPad = "UIInterfaceOrientationPortrait UIInterfaceOrientationPortraitUpsideDown UIInterfaceOrientationLandscapeLeft UIInterfaceOrientationLandscapeRight";
				INFOPLIST_KEY_UISupportedInterfaceOrientations_iPhone = "UIInterfaceOrientationPortrait UIInterfaceOrientationLandscapeLeft UIInterfaceOrientationLandscapeRight";
				LD_RUNPATH_SEARCH_PATHS = (
					"$(inherited)",
					"@executable_path/Frameworks",
				);
				MARKETING_VERSION = 1.0;
				PRODUCT_BUNDLE_IDENTIFIER = "Kamil-Ratajczyk.Ulti";
				PRODUCT_NAME = "$(TARGET_NAME)";
				SWIFT_EMIT_LOC_STRINGS = YES;
				SWIFT_VERSION = 5.0;
				TARGETED_DEVICE_FAMILY = "1,2";
			};
			name = Debug;
		};
		8E024A0828172CB3008CE5F1 /* Release */ = {
			isa = XCBuildConfiguration;
			buildSettings = {
				ASSETCATALOG_COMPILER_APPICON_NAME = AppIcon;
				ASSETCATALOG_COMPILER_GLOBAL_ACCENT_COLOR_NAME = AccentColor;
				CODE_SIGN_STYLE = Automatic;
				CURRENT_PROJECT_VERSION = 1;
				DEVELOPMENT_ASSET_PATHS = "\"Ulti/Preview Content\"";
				DEVELOPMENT_TEAM = G4FZDT3TKT;
				ENABLE_PREVIEWS = YES;
				GENERATE_INFOPLIST_FILE = YES;
				INFOPLIST_KEY_UIApplicationSceneManifest_Generation = YES;
				INFOPLIST_KEY_UIApplicationSupportsIndirectInputEvents = YES;
				INFOPLIST_KEY_UILaunchScreen_Generation = YES;
				INFOPLIST_KEY_UISupportedInterfaceOrientations_iPad = "UIInterfaceOrientationPortrait UIInterfaceOrientationPortraitUpsideDown UIInterfaceOrientationLandscapeLeft UIInterfaceOrientationLandscapeRight";
				INFOPLIST_KEY_UISupportedInterfaceOrientations_iPhone = "UIInterfaceOrientationPortrait UIInterfaceOrientationLandscapeLeft UIInterfaceOrientationLandscapeRight";
				LD_RUNPATH_SEARCH_PATHS = (
					"$(inherited)",
					"@executable_path/Frameworks",
				);
				MARKETING_VERSION = 1.0;
				PRODUCT_BUNDLE_IDENTIFIER = "Kamil-Ratajczyk.Ulti";
				PRODUCT_NAME = "$(TARGET_NAME)";
				SWIFT_EMIT_LOC_STRINGS = YES;
				SWIFT_VERSION = 5.0;
				TARGETED_DEVICE_FAMILY = "1,2";
			};
			name = Release;
		};
/* End XCBuildConfiguration section */

/* Begin XCConfigurationList section */
		8E0249F328172CB0008CE5F1 /* Build configuration list for PBXProject "Ulti" */ = {
			isa = XCConfigurationList;
			buildConfigurations = (
				8E024A0428172CB3008CE5F1 /* Debug */,
				8E024A0528172CB3008CE5F1 /* Release */,
			);
			defaultConfigurationIsVisible = 0;
			defaultConfigurationName = Release;
		};
		8E024A0628172CB3008CE5F1 /* Build configuration list for PBXNativeTarget "Ulti" */ = {
			isa = XCConfigurationList;
			buildConfigurations = (
				8E024A0728172CB3008CE5F1 /* Debug */,
				8E024A0828172CB3008CE5F1 /* Release */,
			);
			defaultConfigurationIsVisible = 0;
			defaultConfigurationName = Release;
		};
/* End XCConfigurationList section */

/* Begin XCRemoteSwiftPackageReference section */
		8ED7D981281E8F0D00C78411 /* XCRemoteSwiftPackageReference "UltiPackage" */ = {
			isa = XCRemoteSwiftPackageReference;
			repositoryURL = "https://github.com/Niuffi/UltiPackage.git";
			requirement = {
				branch = main;
				kind = branch;
			};
		};
/* End XCRemoteSwiftPackageReference section */

/* Begin XCSwiftPackageProductDependency section */
		8ED7D982281E8F0D00C78411 /* UltiPackage */ = {
			isa = XCSwiftPackageProductDependency;
			package = 8ED7D981281E8F0D00C78411 /* XCRemoteSwiftPackageReference "UltiPackage" */;
			productName = UltiPackage;
		};
/* End XCSwiftPackageProductDependency section */

/* Begin XCVersionGroup section */
		8E8402FF281AF6EC00AEDDEE /* Games.xcdatamodeld */ = {
			isa = XCVersionGroup;
			children = (
				8E840300281AF6EC00AEDDEE /* Games.xcdatamodel */,
			);
			currentVersion = 8E840300281AF6EC00AEDDEE /* Games.xcdatamodel */;
			path = Games.xcdatamodeld;
			sourceTree = "<group>";
			versionGroupType = wrapper.xcdatamodel;
		};
/* End XCVersionGroup section */
	};
	rootObject = 8E0249F028172CB0008CE5F1 /* Project object */;
}
